
Microsoft Visual Studio Solution File, Format Version 12.00
# Visual Studio Version 16
VisualStudioVersion = 16.0.30611.23
MinimumVisualStudioVersion = 10.0.40219.1
Project("{9A19103F-16F7-4668-BE54-9A1E7A4F7556}") = "MQTTnet.Extensions.External.RxMQTT.Client", "MQTTnet.Extensions.External.RxMQTT.Client\MQTTnet.Extensions.External.RxMQTT.Client.csproj", "{F41087A9-6854-4E3D-999B-03C821CC7DFB}"
EndProject
Project("{9A19103F-16F7-4668-BE54-9A1E7A4F7556}") = "MQTTnet.Extensions.External.RxMQTT.Client.Test", "MQTTnet.Extensions.External.RxMQTT.Client.Test\MQTTnet.Extensions.External.RxMQTT.Client.Test.csproj", "{2598A866-A116-4C14-8839-5C3BF836CFDA}"
EndProject
Project("{2150E333-8FDC-42A3-9474-1A3956D46DE8}") = "Solution Items", "Solution Items", "{95950FD2-BC8A-4FE3-8D4A-9448008A0727}"
	ProjectSection(SolutionItems) = preProject
		Directory.Build.props = Directory.Build.props
	EndProjectSection
EndProject
Global
	GlobalSection(SolutionConfigurationPlatforms) = preSolution
		Debug|Any CPU = Debug|Any CPU
		Release|Any CPU = Release|Any CPU
	EndGlobalSection
	GlobalSection(ProjectConfigurationPlatforms) = postSolution
		{F41087A9-6854-4E3D-999B-03C821CC7DFB}.Debug|Any CPU.ActiveCfg = Debug|Any CPU
		{F41087A9-6854-4E3D-999B-03C821CC7DFB}.Debug|Any CPU.Build.0 = Debug|Any CPU
		{F41087A9-6854-4E3D-999B-03C821CC7DFB}.Release|Any CPU.ActiveCfg = Release|Any CPU
		{F41087A9-6854-4E3D-999B-03C821CC7DFB}.Release|Any CPU.Build.0 = Release|Any CPU
		{2598A866-A116-4C14-8839-5C3BF836CFDA}.Debug|Any CPU.ActiveCfg = Debug|Any CPU
		{2598A866-A116-4C14-8839-5C3BF836CFDA}.Debug|Any CPU.Build.0 = Debug|Any CPU
		{2598A866-A116-4C14-8839-5C3BF836CFDA}.Release|Any CPU.ActiveCfg = Release|Any CPU
		{2598A866-A116-4C14-8839-5C3BF836CFDA}.Release|Any CPU.Build.0 = Release|Any CPU
	EndGlobalSection
	GlobalSection(SolutionProperties) = preSolution
		HideSolutionNode = FALSE
	EndGlobalSection
	GlobalSection(ExtensibilityGlobals) = postSolution
		SolutionGuid = {28F996A2-AA00-49EB-B7FF-C1F9255D4E13}
	EndGlobalSection
EndGlobal
